# This file is autogenerated, do not edit; changes may be undone by the next 'dep ensure'.


[[projects]]
  name = "github.com/BurntSushi/toml"
  packages = ["."]
  revision = "b26d9c308763d68093482582cea63d69be07a0f0"
  version = "v0.3.0"

[[projects]]
  branch = "master"
  name = "github.com/seankhliao/go-i3bar-protocol"
  packages = ["."]
  revision = "80669a8b3a275a32591fc366383cee9724fc13b1"

[solve-meta]
  analyzer-name = "dep"
  analyzer-version = 1
  inputs-digest = "8022217cda6417de8dcdbdd7c254774c24e33e9a70d7a89b9324b5bcebadeb43"
  solver-name = "gps-cdcl"
  solver-version = 1
